
Microsoft Visual Studio Solution File, Format Version 12.00
# Visual Studio 2013
VisualStudioVersion = 12.0.31101.0
MinimumVisualStudioVersion = 10.0.40219.1
Project("{FAE04EC0-301F-11D3-BF4B-00C04F79EFBC}") = "PuppetMasterUI", "PuppetMasterUI\PuppetMasterUI.csproj", "{12DB87CF-99F8-4ABD-816A-8993B51FEE19}"
EndProject
Project("{FAE04EC0-301F-11D3-BF4B-00C04F79EFBC}") = "PuppetMasterLib", "PuppetMasterLib\PuppetMasterLib.csproj", "{677EBBCD-8869-4AF9-93AA-BBB641C1E0F9}"
EndProject
Project("{FAE04EC0-301F-11D3-BF4B-00C04F79EFBC}") = "ClientConnectorService", "ClientConnectorService\ClientConnectorService.csproj", "{977AC474-EBA7-41F9-89C2-10FE1E81D202}"
EndProject
Project("{FAE04EC0-301F-11D3-BF4B-00C04F79EFBC}") = "UserApplicationSample", "UserApplicationSample\UserApplicationSample.csproj", "{1E0396AA-5CD5-4367-B5C6-D4C1D4CED445}"
EndProject
Project("{FAE04EC0-301F-11D3-BF4B-00C04F79EFBC}") = "PuppetMasterServer", "PuppetMasterServer\PuppetMasterServer.csproj", "{73E63FCB-677C-46DA-BFB8-F0C813B6F116}"
EndProject
Project("{2150E333-8FDC-42A3-9474-1A3956D46DE8}") = "Unit Tests", "Unit Tests", "{D3A6E2AB-034B-48AA-AC90-929FB996CB54}"
EndProject
Project("{FAE04EC0-301F-11D3-BF4B-00C04F79EFBC}") = "PuppetMasterLib.Tests", "PuppetMasterLib.Tests\PuppetMasterLib.Tests.csproj", "{084C9871-4ADC-4698-AF71-278A115B88E9}"
EndProject
Project("{FAE04EC0-301F-11D3-BF4B-00C04F79EFBC}") = "SharedTypes", "SharedTypes\SharedTypes.csproj", "{5E7F4752-7D18-4DA6-A243-EB5F7F631C7D}"
EndProject
Project("{FAE04EC0-301F-11D3-BF4B-00C04F79EFBC}") = "ClientConnectorService.Tests", "ClientConnectorService.Tests\ClientConnectorService.Tests.csproj", "{6B88C5D1-87B3-4861-9445-B87907F1E25E}"
EndProject
Global
	GlobalSection(SolutionConfigurationPlatforms) = preSolution
		Debug|Any CPU = Debug|Any CPU
		Release|Any CPU = Release|Any CPU
	EndGlobalSection
	GlobalSection(ProjectConfigurationPlatforms) = postSolution
		{12DB87CF-99F8-4ABD-816A-8993B51FEE19}.Debug|Any CPU.ActiveCfg = Debug|Any CPU
		{12DB87CF-99F8-4ABD-816A-8993B51FEE19}.Debug|Any CPU.Build.0 = Debug|Any CPU
		{12DB87CF-99F8-4ABD-816A-8993B51FEE19}.Release|Any CPU.ActiveCfg = Release|Any CPU
		{12DB87CF-99F8-4ABD-816A-8993B51FEE19}.Release|Any CPU.Build.0 = Release|Any CPU
		{677EBBCD-8869-4AF9-93AA-BBB641C1E0F9}.Debug|Any CPU.ActiveCfg = Debug|Any CPU
		{677EBBCD-8869-4AF9-93AA-BBB641C1E0F9}.Debug|Any CPU.Build.0 = Debug|Any CPU
		{677EBBCD-8869-4AF9-93AA-BBB641C1E0F9}.Release|Any CPU.ActiveCfg = Release|Any CPU
		{677EBBCD-8869-4AF9-93AA-BBB641C1E0F9}.Release|Any CPU.Build.0 = Release|Any CPU
		{977AC474-EBA7-41F9-89C2-10FE1E81D202}.Debug|Any CPU.ActiveCfg = Debug|Any CPU
		{977AC474-EBA7-41F9-89C2-10FE1E81D202}.Debug|Any CPU.Build.0 = Debug|Any CPU
		{977AC474-EBA7-41F9-89C2-10FE1E81D202}.Release|Any CPU.ActiveCfg = Release|Any CPU
		{977AC474-EBA7-41F9-89C2-10FE1E81D202}.Release|Any CPU.Build.0 = Release|Any CPU
		{1E0396AA-5CD5-4367-B5C6-D4C1D4CED445}.Debug|Any CPU.ActiveCfg = Debug|Any CPU
		{1E0396AA-5CD5-4367-B5C6-D4C1D4CED445}.Debug|Any CPU.Build.0 = Debug|Any CPU
		{1E0396AA-5CD5-4367-B5C6-D4C1D4CED445}.Release|Any CPU.ActiveCfg = Release|Any CPU
		{1E0396AA-5CD5-4367-B5C6-D4C1D4CED445}.Release|Any CPU.Build.0 = Release|Any CPU
		{73E63FCB-677C-46DA-BFB8-F0C813B6F116}.Debug|Any CPU.ActiveCfg = Debug|Any CPU
		{73E63FCB-677C-46DA-BFB8-F0C813B6F116}.Debug|Any CPU.Build.0 = Debug|Any CPU
		{73E63FCB-677C-46DA-BFB8-F0C813B6F116}.Release|Any CPU.ActiveCfg = Release|Any CPU
		{73E63FCB-677C-46DA-BFB8-F0C813B6F116}.Release|Any CPU.Build.0 = Release|Any CPU
		{084C9871-4ADC-4698-AF71-278A115B88E9}.Debug|Any CPU.ActiveCfg = Debug|Any CPU
		{084C9871-4ADC-4698-AF71-278A115B88E9}.Debug|Any CPU.Build.0 = Debug|Any CPU
		{084C9871-4ADC-4698-AF71-278A115B88E9}.Release|Any CPU.ActiveCfg = Release|Any CPU
		{084C9871-4ADC-4698-AF71-278A115B88E9}.Release|Any CPU.Build.0 = Release|Any CPU
		{5E7F4752-7D18-4DA6-A243-EB5F7F631C7D}.Debug|Any CPU.ActiveCfg = Debug|Any CPU
		{5E7F4752-7D18-4DA6-A243-EB5F7F631C7D}.Debug|Any CPU.Build.0 = Debug|Any CPU
		{5E7F4752-7D18-4DA6-A243-EB5F7F631C7D}.Release|Any CPU.ActiveCfg = Release|Any CPU
		{5E7F4752-7D18-4DA6-A243-EB5F7F631C7D}.Release|Any CPU.Build.0 = Release|Any CPU
		{6B88C5D1-87B3-4861-9445-B87907F1E25E}.Debug|Any CPU.ActiveCfg = Debug|Any CPU
		{6B88C5D1-87B3-4861-9445-B87907F1E25E}.Debug|Any CPU.Build.0 = Debug|Any CPU
		{6B88C5D1-87B3-4861-9445-B87907F1E25E}.Release|Any CPU.ActiveCfg = Release|Any CPU
		{6B88C5D1-87B3-4861-9445-B87907F1E25E}.Release|Any CPU.Build.0 = Release|Any CPU
	EndGlobalSection
	GlobalSection(SolutionProperties) = preSolution
		HideSolutionNode = FALSE
	EndGlobalSection
	GlobalSection(NestedProjects) = preSolution
		{084C9871-4ADC-4698-AF71-278A115B88E9} = {D3A6E2AB-034B-48AA-AC90-929FB996CB54}
		{6B88C5D1-87B3-4861-9445-B87907F1E25E} = {D3A6E2AB-034B-48AA-AC90-929FB996CB54}
	EndGlobalSection
EndGlobal
