
Microsoft Visual Studio Solution File, Format Version 12.00
# Visual Studio 2013
VisualStudioVersion = 12.0.31101.0
MinimumVisualStudioVersion = 10.0.40219.1
Project("{FAE04EC0-301F-11D3-BF4B-00C04F79EFBC}") = "PuppetMasterUI", "PuppetMasterUI\PuppetMasterUI.csproj", "{12DB87CF-99F8-4ABD-816A-8993B51FEE19}"
EndProject
Project("{FAE04EC0-301F-11D3-BF4B-00C04F79EFBC}") = "PuppetMasterLib", "PuppetMasterLib\PuppetMasterLib.csproj", "{677EBBCD-8869-4AF9-93AA-BBB641C1E0F9}"
EndProject
Project("{FAE04EC0-301F-11D3-BF4B-00C04F79EFBC}") = "ClientServices", "ClientConnectorService\ClientServices.csproj", "{977AC474-EBA7-41F9-89C2-10FE1E81D202}"
EndProject
Project("{FAE04EC0-301F-11D3-BF4B-00C04F79EFBC}") = "UserApplicationSample", "UserApplicationSample\UserApplicationSample.csproj", "{1E0396AA-5CD5-4367-B5C6-D4C1D4CED445}"
EndProject
Project("{2150E333-8FDC-42A3-9474-1A3956D46DE8}") = "Unit Tests", "Unit Tests", "{D3A6E2AB-034B-48AA-AC90-929FB996CB54}"
EndProject
Project("{FAE04EC0-301F-11D3-BF4B-00C04F79EFBC}") = "PuppetMasterLib.Tests", "PuppetMasterLib.Tests\PuppetMasterLib.Tests.csproj", "{084C9871-4ADC-4698-AF71-278A115B88E9}"
EndProject
Project("{FAE04EC0-301F-11D3-BF4B-00C04F79EFBC}") = "SharedTypes", "SharedTypes\SharedTypes.csproj", "{5E7F4752-7D18-4DA6-A243-EB5F7F631C7D}"
EndProject
Project("{FAE04EC0-301F-11D3-BF4B-00C04F79EFBC}") = "ClientServices.Tests", "ClientConnectorService.Tests\ClientServices.Tests.csproj", "{6B88C5D1-87B3-4861-9445-B87907F1E25E}"
EndProject
Project("{FAE04EC0-301F-11D3-BF4B-00C04F79EFBC}") = "UserMappersLib", "UserMappersLib\UserMappersLib.csproj", "{0C171823-0A5D-4BAE-BA55-0142C09E3D0C}"
EndProject
Project("{FAE04EC0-301F-11D3-BF4B-00C04F79EFBC}") = "PlatformCore", "PlatformCore\PlatformCore.csproj", "{73E63FCB-677C-46DA-BFB8-F0C813B6F116}"
EndProject
Project("{FAE04EC0-301F-11D3-BF4B-00C04F79EFBC}") = "PlatformCore.Tests", "PlatformCore.Tests\PlatformCore.Tests.csproj", "{5779EE89-98D8-4048-B3BF-11711B1532CF}"
EndProject
Project("{FAE04EC0-301F-11D3-BF4B-00C04F79EFBC}") = "LibMapperCharCount", "..\..\..\Downloads\MapperTransfer\MapperTransfer\LibMapper2\LibMapperCharCount.csproj", "{2D012EC4-B199-4802-A447-CFB320D5FE14}"
EndProject
Project("{FAE04EC0-301F-11D3-BF4B-00C04F79EFBC}") = "LibMapper", "..\..\..\Downloads\MapperTransfer\MapperTransfer\LibMapper\LibMapper.csproj", "{E70FBDBF-80B2-44D5-8E93-7C14D5D6D1BA}"
EndProject
Project("{FAE04EC0-301F-11D3-BF4B-00C04F79EFBC}") = "LibMapperParadiseCount", "..\..\..\Downloads\MapperTransfer\MapperTransfer\LibMapper3\LibMapperParadiseCount.csproj", "{F9189792-5B7F-4489-89D9-DCC1339D2E70}"
EndProject
Project("{2150E333-8FDC-42A3-9474-1A3956D46DE8}") = "CheckPointMappers", "CheckPointMappers", "{8C3FE419-5DDE-4B7E-81F3-DB3204C6B669}"
EndProject
Global
	GlobalSection(SolutionConfigurationPlatforms) = preSolution
		Debug|Any CPU = Debug|Any CPU
		Release|Any CPU = Release|Any CPU
	EndGlobalSection
	GlobalSection(ProjectConfigurationPlatforms) = postSolution
		{12DB87CF-99F8-4ABD-816A-8993B51FEE19}.Debug|Any CPU.ActiveCfg = Debug|Any CPU
		{12DB87CF-99F8-4ABD-816A-8993B51FEE19}.Debug|Any CPU.Build.0 = Debug|Any CPU
		{12DB87CF-99F8-4ABD-816A-8993B51FEE19}.Release|Any CPU.ActiveCfg = Release|Any CPU
		{12DB87CF-99F8-4ABD-816A-8993B51FEE19}.Release|Any CPU.Build.0 = Release|Any CPU
		{677EBBCD-8869-4AF9-93AA-BBB641C1E0F9}.Debug|Any CPU.ActiveCfg = Debug|Any CPU
		{677EBBCD-8869-4AF9-93AA-BBB641C1E0F9}.Debug|Any CPU.Build.0 = Debug|Any CPU
		{677EBBCD-8869-4AF9-93AA-BBB641C1E0F9}.Release|Any CPU.ActiveCfg = Release|Any CPU
		{677EBBCD-8869-4AF9-93AA-BBB641C1E0F9}.Release|Any CPU.Build.0 = Release|Any CPU
		{977AC474-EBA7-41F9-89C2-10FE1E81D202}.Debug|Any CPU.ActiveCfg = Debug|Any CPU
		{977AC474-EBA7-41F9-89C2-10FE1E81D202}.Debug|Any CPU.Build.0 = Debug|Any CPU
		{977AC474-EBA7-41F9-89C2-10FE1E81D202}.Release|Any CPU.ActiveCfg = Release|Any CPU
		{977AC474-EBA7-41F9-89C2-10FE1E81D202}.Release|Any CPU.Build.0 = Release|Any CPU
		{1E0396AA-5CD5-4367-B5C6-D4C1D4CED445}.Debug|Any CPU.ActiveCfg = Debug|Any CPU
		{1E0396AA-5CD5-4367-B5C6-D4C1D4CED445}.Debug|Any CPU.Build.0 = Debug|Any CPU
		{1E0396AA-5CD5-4367-B5C6-D4C1D4CED445}.Release|Any CPU.ActiveCfg = Release|Any CPU
		{1E0396AA-5CD5-4367-B5C6-D4C1D4CED445}.Release|Any CPU.Build.0 = Release|Any CPU
		{084C9871-4ADC-4698-AF71-278A115B88E9}.Debug|Any CPU.ActiveCfg = Debug|Any CPU
		{084C9871-4ADC-4698-AF71-278A115B88E9}.Debug|Any CPU.Build.0 = Debug|Any CPU
		{084C9871-4ADC-4698-AF71-278A115B88E9}.Release|Any CPU.ActiveCfg = Release|Any CPU
		{084C9871-4ADC-4698-AF71-278A115B88E9}.Release|Any CPU.Build.0 = Release|Any CPU
		{5E7F4752-7D18-4DA6-A243-EB5F7F631C7D}.Debug|Any CPU.ActiveCfg = Debug|Any CPU
		{5E7F4752-7D18-4DA6-A243-EB5F7F631C7D}.Debug|Any CPU.Build.0 = Debug|Any CPU
		{5E7F4752-7D18-4DA6-A243-EB5F7F631C7D}.Release|Any CPU.ActiveCfg = Release|Any CPU
		{5E7F4752-7D18-4DA6-A243-EB5F7F631C7D}.Release|Any CPU.Build.0 = Release|Any CPU
		{6B88C5D1-87B3-4861-9445-B87907F1E25E}.Debug|Any CPU.ActiveCfg = Debug|Any CPU
		{6B88C5D1-87B3-4861-9445-B87907F1E25E}.Debug|Any CPU.Build.0 = Debug|Any CPU
		{6B88C5D1-87B3-4861-9445-B87907F1E25E}.Release|Any CPU.ActiveCfg = Release|Any CPU
		{6B88C5D1-87B3-4861-9445-B87907F1E25E}.Release|Any CPU.Build.0 = Release|Any CPU
		{0C171823-0A5D-4BAE-BA55-0142C09E3D0C}.Debug|Any CPU.ActiveCfg = Debug|Any CPU
		{0C171823-0A5D-4BAE-BA55-0142C09E3D0C}.Debug|Any CPU.Build.0 = Debug|Any CPU
		{0C171823-0A5D-4BAE-BA55-0142C09E3D0C}.Release|Any CPU.ActiveCfg = Release|Any CPU
		{0C171823-0A5D-4BAE-BA55-0142C09E3D0C}.Release|Any CPU.Build.0 = Release|Any CPU
		{73E63FCB-677C-46DA-BFB8-F0C813B6F116}.Debug|Any CPU.ActiveCfg = Debug|Any CPU
		{73E63FCB-677C-46DA-BFB8-F0C813B6F116}.Debug|Any CPU.Build.0 = Debug|Any CPU
		{73E63FCB-677C-46DA-BFB8-F0C813B6F116}.Release|Any CPU.ActiveCfg = Release|Any CPU
		{73E63FCB-677C-46DA-BFB8-F0C813B6F116}.Release|Any CPU.Build.0 = Release|Any CPU
		{5779EE89-98D8-4048-B3BF-11711B1532CF}.Debug|Any CPU.ActiveCfg = Debug|Any CPU
		{5779EE89-98D8-4048-B3BF-11711B1532CF}.Debug|Any CPU.Build.0 = Debug|Any CPU
		{5779EE89-98D8-4048-B3BF-11711B1532CF}.Release|Any CPU.ActiveCfg = Release|Any CPU
		{5779EE89-98D8-4048-B3BF-11711B1532CF}.Release|Any CPU.Build.0 = Release|Any CPU
		{2D012EC4-B199-4802-A447-CFB320D5FE14}.Debug|Any CPU.ActiveCfg = Debug|Any CPU
		{2D012EC4-B199-4802-A447-CFB320D5FE14}.Debug|Any CPU.Build.0 = Debug|Any CPU
		{2D012EC4-B199-4802-A447-CFB320D5FE14}.Release|Any CPU.ActiveCfg = Release|Any CPU
		{2D012EC4-B199-4802-A447-CFB320D5FE14}.Release|Any CPU.Build.0 = Release|Any CPU
		{E70FBDBF-80B2-44D5-8E93-7C14D5D6D1BA}.Debug|Any CPU.ActiveCfg = Debug|Any CPU
		{E70FBDBF-80B2-44D5-8E93-7C14D5D6D1BA}.Debug|Any CPU.Build.0 = Debug|Any CPU
		{E70FBDBF-80B2-44D5-8E93-7C14D5D6D1BA}.Release|Any CPU.ActiveCfg = Release|Any CPU
		{E70FBDBF-80B2-44D5-8E93-7C14D5D6D1BA}.Release|Any CPU.Build.0 = Release|Any CPU
		{F9189792-5B7F-4489-89D9-DCC1339D2E70}.Debug|Any CPU.ActiveCfg = Debug|Any CPU
		{F9189792-5B7F-4489-89D9-DCC1339D2E70}.Debug|Any CPU.Build.0 = Debug|Any CPU
		{F9189792-5B7F-4489-89D9-DCC1339D2E70}.Release|Any CPU.ActiveCfg = Release|Any CPU
		{F9189792-5B7F-4489-89D9-DCC1339D2E70}.Release|Any CPU.Build.0 = Release|Any CPU
	EndGlobalSection
	GlobalSection(SolutionProperties) = preSolution
		HideSolutionNode = FALSE
	EndGlobalSection
	GlobalSection(NestedProjects) = preSolution
		{084C9871-4ADC-4698-AF71-278A115B88E9} = {D3A6E2AB-034B-48AA-AC90-929FB996CB54}
		{6B88C5D1-87B3-4861-9445-B87907F1E25E} = {D3A6E2AB-034B-48AA-AC90-929FB996CB54}
		{5779EE89-98D8-4048-B3BF-11711B1532CF} = {D3A6E2AB-034B-48AA-AC90-929FB996CB54}
		{2D012EC4-B199-4802-A447-CFB320D5FE14} = {8C3FE419-5DDE-4B7E-81F3-DB3204C6B669}
		{E70FBDBF-80B2-44D5-8E93-7C14D5D6D1BA} = {8C3FE419-5DDE-4B7E-81F3-DB3204C6B669}
		{F9189792-5B7F-4489-89D9-DCC1339D2E70} = {8C3FE419-5DDE-4B7E-81F3-DB3204C6B669}
	EndGlobalSection
EndGlobal
